// !$*UTF8*$!
{
	archiveVersion = 1;
	classes = {
	};
	objectVersion = 56;
	objects = {

/* Begin PBXBuildFile section */
		0A9808FC2B0B431800C54412 /* AppDelegate.swift in Sources */ = {isa = PBXBuildFile; fileRef = 0A9808FB2B0B431800C54412 /* AppDelegate.swift */; };
		0A9808FE2B0B431800C54412 /* SceneDelegate.swift in Sources */ = {isa = PBXBuildFile; fileRef = 0A9808FD2B0B431800C54412 /* SceneDelegate.swift */; };
		0A9809002B0B431800C54412 /* ViewController.swift in Sources */ = {isa = PBXBuildFile; fileRef = 0A9808FF2B0B431800C54412 /* ViewController.swift */; };
		0A9809032B0B431800C54412 /* Main.storyboard in Resources */ = {isa = PBXBuildFile; fileRef = 0A9809012B0B431800C54412 /* Main.storyboard */; };
		0A9809052B0B431A00C54412 /* Assets.xcassets in Resources */ = {isa = PBXBuildFile; fileRef = 0A9809042B0B431A00C54412 /* Assets.xcassets */; };
		0A9809082B0B431A00C54412 /* LaunchScreen.storyboard in Resources */ = {isa = PBXBuildFile; fileRef = 0A9809062B0B431A00C54412 /* LaunchScreen.storyboard */; };
		86EA215E2B1DA064007B2DA3 /* FirebaseAuth in Frameworks */ = {isa = PBXBuildFile; productRef = 86EA215D2B1DA064007B2DA3 /* FirebaseAuth */; };
		86EA21602B1DA064007B2DA3 /* FirebaseFirestore in Frameworks */ = {isa = PBXBuildFile; productRef = 86EA215F2B1DA064007B2DA3 /* FirebaseFirestore */; };
		86EA21622B1DA064007B2DA3 /* FirebaseFirestoreSwift in Frameworks */ = {isa = PBXBuildFile; productRef = 86EA21612B1DA064007B2DA3 /* FirebaseFirestoreSwift */; };
		86EA21642B1DA064007B2DA3 /* FirebaseStorage in Frameworks */ = {isa = PBXBuildFile; productRef = 86EA21632B1DA064007B2DA3 /* FirebaseStorage */; };
		86EA21662B1DA1C7007B2DA3 /* MainScreenView.swift in Sources */ = {isa = PBXBuildFile; fileRef = 86EA21652B1DA1C7007B2DA3 /* MainScreenView.swift */; };
		86EA21682B1DA255007B2DA3 /* RightBarButtonManager.swift in Sources */ = {isa = PBXBuildFile; fileRef = 86EA21672B1DA255007B2DA3 /* RightBarButtonManager.swift */; };
		86EA216D2B1DA313007B2DA3 /* SignInScreenView.swift in Sources */ = {isa = PBXBuildFile; fileRef = 86EA216C2B1DA313007B2DA3 /* SignInScreenView.swift */; };
		86EA216F2B1DA336007B2DA3 /* SignInFirebaseManager.swift in Sources */ = {isa = PBXBuildFile; fileRef = 86EA216E2B1DA336007B2DA3 /* SignInFirebaseManager.swift */; };
		86EA21712B1DA389007B2DA3 /* SignInScreenViewController.swift in Sources */ = {isa = PBXBuildFile; fileRef = 86EA21702B1DA389007B2DA3 /* SignInScreenViewController.swift */; };
		86EA21742B1DA405007B2DA3 /* RegisterScreenViewController.swift in Sources */ = {isa = PBXBuildFile; fileRef = 86EA21732B1DA405007B2DA3 /* RegisterScreenViewController.swift */; };
		86EA21762B1DA42B007B2DA3 /* RegisterScreenView.swift in Sources */ = {isa = PBXBuildFile; fileRef = 86EA21752B1DA42B007B2DA3 /* RegisterScreenView.swift */; };
		86EA21782B1DA445007B2DA3 /* RegisterFirebaseManager.swift in Sources */ = {isa = PBXBuildFile; fileRef = 86EA21772B1DA445007B2DA3 /* RegisterFirebaseManager.swift */; };
		86EA217B2B212E09007B2DA3 /* ProfileScreenView.swift in Sources */ = {isa = PBXBuildFile; fileRef = 86EA217A2B212E09007B2DA3 /* ProfileScreenView.swift */; };
		86EA217D2B212E24007B2DA3 /* ProfileScreenViewController.swift in Sources */ = {isa = PBXBuildFile; fileRef = 86EA217C2B212E24007B2DA3 /* ProfileScreenViewController.swift */; };
		86EA21802B224F59007B2DA3 /* EditProfileScreenView.swift in Sources */ = {isa = PBXBuildFile; fileRef = 86EA217F2B224F59007B2DA3 /* EditProfileScreenView.swift */; };
		86EA21852B2254FE007B2DA3 /* EditProfileScreenViewController.swift in Sources */ = {isa = PBXBuildFile; fileRef = 86EA21842B2254FE007B2DA3 /* EditProfileScreenViewController.swift */; };
		B4D9DF002B1FBE2100EB7116 /* GoogleService-Info.plist in Resources */ = {isa = PBXBuildFile; fileRef = B4D9DEFF2B1FBE2100EB7116 /* GoogleService-Info.plist */; };
		B4D9DF032B1FBE5900EB7116 /* ThreadDetailView.swift in Sources */ = {isa = PBXBuildFile; fileRef = B4D9DF022B1FBE5900EB7116 /* ThreadDetailView.swift */; };
		B4D9DF052B1FBE6D00EB7116 /* ThreadDetailViewController.swift in Sources */ = {isa = PBXBuildFile; fileRef = B4D9DF042B1FBE6D00EB7116 /* ThreadDetailViewController.swift */; };
		B4D9DF072B1FC23A00EB7116 /* ThreadsTableViewCell.swift in Sources */ = {isa = PBXBuildFile; fileRef = B4D9DF062B1FC23A00EB7116 /* ThreadsTableViewCell.swift */; };
		B4D9DF0A2B1FC54900EB7116 /* Thread.swift in Sources */ = {isa = PBXBuildFile; fileRef = B4D9DF092B1FC54900EB7116 /* Thread.swift */; };
		B4D9DF0D2B1FC67D00EB7116 /* ThreadDetailScreenFireBaseManager.swift in Sources */ = {isa = PBXBuildFile; fileRef = B4D9DF0C2B1FC67D00EB7116 /* ThreadDetailScreenFireBaseManager.swift */; };
		B4D9DF0F2B1FCBD700EB7116 /* Post.swift in Sources */ = {isa = PBXBuildFile; fileRef = B4D9DF0E2B1FCBD700EB7116 /* Post.swift */; };
/* End PBXBuildFile section */

/* Begin PBXFileReference section */
		0A9808F82B0B431800C54412 /* SmokeFreeLife.app */ = {isa = PBXFileReference; explicitFileType = wrapper.application; includeInIndex = 0; path = SmokeFreeLife.app; sourceTree = BUILT_PRODUCTS_DIR; };
		0A9808FB2B0B431800C54412 /* AppDelegate.swift */ = {isa = PBXFileReference; lastKnownFileType = sourcecode.swift; path = AppDelegate.swift; sourceTree = "<group>"; };
		0A9808FD2B0B431800C54412 /* SceneDelegate.swift */ = {isa = PBXFileReference; lastKnownFileType = sourcecode.swift; path = SceneDelegate.swift; sourceTree = "<group>"; };
		0A9808FF2B0B431800C54412 /* ViewController.swift */ = {isa = PBXFileReference; lastKnownFileType = sourcecode.swift; path = ViewController.swift; sourceTree = "<group>"; };
		0A9809022B0B431800C54412 /* Base */ = {isa = PBXFileReference; lastKnownFileType = file.storyboard; name = Base; path = Base.lproj/Main.storyboard; sourceTree = "<group>"; };
		0A9809042B0B431A00C54412 /* Assets.xcassets */ = {isa = PBXFileReference; lastKnownFileType = folder.assetcatalog; path = Assets.xcassets; sourceTree = "<group>"; };
		0A9809072B0B431A00C54412 /* Base */ = {isa = PBXFileReference; lastKnownFileType = file.storyboard; name = Base; path = Base.lproj/LaunchScreen.storyboard; sourceTree = "<group>"; };
		0A9809092B0B431A00C54412 /* Info.plist */ = {isa = PBXFileReference; lastKnownFileType = text.plist.xml; path = Info.plist; sourceTree = "<group>"; };
		86EA21652B1DA1C7007B2DA3 /* MainScreenView.swift */ = {isa = PBXFileReference; lastKnownFileType = sourcecode.swift; path = MainScreenView.swift; sourceTree = "<group>"; };
		86EA21672B1DA255007B2DA3 /* RightBarButtonManager.swift */ = {isa = PBXFileReference; lastKnownFileType = sourcecode.swift; path = RightBarButtonManager.swift; sourceTree = "<group>"; };
		86EA216C2B1DA313007B2DA3 /* SignInScreenView.swift */ = {isa = PBXFileReference; lastKnownFileType = sourcecode.swift; path = SignInScreenView.swift; sourceTree = "<group>"; };
		86EA216E2B1DA336007B2DA3 /* SignInFirebaseManager.swift */ = {isa = PBXFileReference; lastKnownFileType = sourcecode.swift; path = SignInFirebaseManager.swift; sourceTree = "<group>"; };
		86EA21702B1DA389007B2DA3 /* SignInScreenViewController.swift */ = {isa = PBXFileReference; lastKnownFileType = sourcecode.swift; path = SignInScreenViewController.swift; sourceTree = "<group>"; };
		86EA21732B1DA405007B2DA3 /* RegisterScreenViewController.swift */ = {isa = PBXFileReference; lastKnownFileType = sourcecode.swift; path = RegisterScreenViewController.swift; sourceTree = "<group>"; };
		86EA21752B1DA42B007B2DA3 /* RegisterScreenView.swift */ = {isa = PBXFileReference; lastKnownFileType = sourcecode.swift; path = RegisterScreenView.swift; sourceTree = "<group>"; };
		86EA21772B1DA445007B2DA3 /* RegisterFirebaseManager.swift */ = {isa = PBXFileReference; lastKnownFileType = sourcecode.swift; path = RegisterFirebaseManager.swift; sourceTree = "<group>"; };
		86EA217A2B212E09007B2DA3 /* ProfileScreenView.swift */ = {isa = PBXFileReference; lastKnownFileType = sourcecode.swift; path = ProfileScreenView.swift; sourceTree = "<group>"; };
		86EA217C2B212E24007B2DA3 /* ProfileScreenViewController.swift */ = {isa = PBXFileReference; lastKnownFileType = sourcecode.swift; path = ProfileScreenViewController.swift; sourceTree = "<group>"; };
		86EA217F2B224F59007B2DA3 /* EditProfileScreenView.swift */ = {isa = PBXFileReference; lastKnownFileType = sourcecode.swift; path = EditProfileScreenView.swift; sourceTree = "<group>"; };
		86EA21842B2254FE007B2DA3 /* EditProfileScreenViewController.swift */ = {isa = PBXFileReference; lastKnownFileType = sourcecode.swift; path = EditProfileScreenViewController.swift; sourceTree = "<group>"; };
		B4D9DEFF2B1FBE2100EB7116 /* GoogleService-Info.plist */ = {isa = PBXFileReference; fileEncoding = 4; lastKnownFileType = text.plist.xml; path = "GoogleService-Info.plist"; sourceTree = "<group>"; };
		B4D9DF022B1FBE5900EB7116 /* ThreadDetailView.swift */ = {isa = PBXFileReference; lastKnownFileType = sourcecode.swift; path = ThreadDetailView.swift; sourceTree = "<group>"; };
		B4D9DF042B1FBE6D00EB7116 /* ThreadDetailViewController.swift */ = {isa = PBXFileReference; lastKnownFileType = sourcecode.swift; path = ThreadDetailViewController.swift; sourceTree = "<group>"; };
		B4D9DF062B1FC23A00EB7116 /* ThreadsTableViewCell.swift */ = {isa = PBXFileReference; lastKnownFileType = sourcecode.swift; path = ThreadsTableViewCell.swift; sourceTree = "<group>"; };
		B4D9DF092B1FC54900EB7116 /* Thread.swift */ = {isa = PBXFileReference; lastKnownFileType = sourcecode.swift; path = Thread.swift; sourceTree = "<group>"; };
		B4D9DF0C2B1FC67D00EB7116 /* ThreadDetailScreenFireBaseManager.swift */ = {isa = PBXFileReference; lastKnownFileType = sourcecode.swift; path = ThreadDetailScreenFireBaseManager.swift; sourceTree = "<group>"; };
		B4D9DF0E2B1FCBD700EB7116 /* Post.swift */ = {isa = PBXFileReference; lastKnownFileType = sourcecode.swift; path = Post.swift; sourceTree = "<group>"; };
/* End PBXFileReference section */

/* Begin PBXFrameworksBuildPhase section */
		0A9808F52B0B431800C54412 /* Frameworks */ = {
			isa = PBXFrameworksBuildPhase;
			buildActionMask = 2147483647;
			files = (
				86EA215E2B1DA064007B2DA3 /* FirebaseAuth in Frameworks */,
				86EA21642B1DA064007B2DA3 /* FirebaseStorage in Frameworks */,
				86EA21602B1DA064007B2DA3 /* FirebaseFirestore in Frameworks */,
				86EA21622B1DA064007B2DA3 /* FirebaseFirestoreSwift in Frameworks */,
			);
			runOnlyForDeploymentPostprocessing = 0;
		};
/* End PBXFrameworksBuildPhase section */

/* Begin PBXGroup section */
		0A9808EF2B0B431800C54412 = {
			isa = PBXGroup;
			children = (
				0A9808FA2B0B431800C54412 /* SmokeFreeLife */,
				0A9808F92B0B431800C54412 /* Products */,
			);
			sourceTree = "<group>";
		};
		0A9808F92B0B431800C54412 /* Products */ = {
			isa = PBXGroup;
			children = (
				0A9808F82B0B431800C54412 /* SmokeFreeLife.app */,
			);
			name = Products;
			sourceTree = "<group>";
		};
		0A9808FA2B0B431800C54412 /* SmokeFreeLife */ = {
			isa = PBXGroup;
			children = (
				86EA21832B225449007B2DA3 /* Edit Profile Screen */,
				86EA217E2B213040007B2DA3 /* Profile Screen */,
				B4D9DF082B1FC53500EB7116 /* Data Models */,
				B4D9DF012B1FBE2C00EB7116 /* Thread Detail Screen */,
				86EA21792B1DA466007B2DA3 /* Register Screen */,
				86EA21722B1DA3A0007B2DA3 /* Sign In Screen */,
				0A9808FB2B0B431800C54412 /* AppDelegate.swift */,
				86EA21692B1DA281007B2DA3 /* Main Screen */,
				0A9808FD2B0B431800C54412 /* SceneDelegate.swift */,
				0A9809012B0B431800C54412 /* Main.storyboard */,
				0A9809042B0B431A00C54412 /* Assets.xcassets */,
				0A9809062B0B431A00C54412 /* LaunchScreen.storyboard */,
				0A9809092B0B431A00C54412 /* Info.plist */,
				B4D9DEFF2B1FBE2100EB7116 /* GoogleService-Info.plist */,
			);
			path = SmokeFreeLife;
			sourceTree = "<group>";
		};
		86EA21692B1DA281007B2DA3 /* Main Screen */ = {
			isa = PBXGroup;
			children = (
				86EA21652B1DA1C7007B2DA3 /* MainScreenView.swift */,
				0A9808FF2B0B431800C54412 /* ViewController.swift */,
				86EA21672B1DA255007B2DA3 /* RightBarButtonManager.swift */,
			);
			path = "Main Screen";
			sourceTree = "<group>";
		};
		86EA21722B1DA3A0007B2DA3 /* Sign In Screen */ = {
			isa = PBXGroup;
			children = (
				86EA216C2B1DA313007B2DA3 /* SignInScreenView.swift */,
				86EA216E2B1DA336007B2DA3 /* SignInFirebaseManager.swift */,
				86EA21702B1DA389007B2DA3 /* SignInScreenViewController.swift */,
			);
			path = "Sign In Screen";
			sourceTree = "<group>";
		};
		86EA21792B1DA466007B2DA3 /* Register Screen */ = {
			isa = PBXGroup;
			children = (
				86EA21732B1DA405007B2DA3 /* RegisterScreenViewController.swift */,
				86EA21752B1DA42B007B2DA3 /* RegisterScreenView.swift */,
				86EA21772B1DA445007B2DA3 /* RegisterFirebaseManager.swift */,
			);
			path = "Register Screen";
			sourceTree = "<group>";
		};
		86EA217E2B213040007B2DA3 /* Profile Screen */ = {
			isa = PBXGroup;
			children = (
				86EA217A2B212E09007B2DA3 /* ProfileScreenView.swift */,
				86EA217C2B212E24007B2DA3 /* ProfileScreenViewController.swift */,
			);
			path = "Profile Screen";
			sourceTree = "<group>";
		};
		86EA21832B225449007B2DA3 /* Edit Profile Screen */ = {
			isa = PBXGroup;
			children = (
				86EA217F2B224F59007B2DA3 /* EditProfileScreenView.swift */,
				86EA21842B2254FE007B2DA3 /* EditProfileScreenViewController.swift */,
			);
			path = "Edit Profile Screen";
			sourceTree = "<group>";
		};
		B4D9DF012B1FBE2C00EB7116 /* Thread Detail Screen */ = {
			isa = PBXGroup;
			children = (
				B4D9DF022B1FBE5900EB7116 /* ThreadDetailView.swift */,
				B4D9DF042B1FBE6D00EB7116 /* ThreadDetailViewController.swift */,
				B4D9DF062B1FC23A00EB7116 /* ThreadsTableViewCell.swift */,
				B4D9DF0C2B1FC67D00EB7116 /* ThreadDetailScreenFireBaseManager.swift */,
			);
			path = "Thread Detail Screen";
			sourceTree = "<group>";
		};
		B4D9DF082B1FC53500EB7116 /* Data Models */ = {
			isa = PBXGroup;
			children = (
				B4D9DF092B1FC54900EB7116 /* Thread.swift */,
				B4D9DF0E2B1FCBD700EB7116 /* Post.swift */,
			);
			path = "Data Models";
			sourceTree = "<group>";
		};
/* End PBXGroup section */

/* Begin PBXNativeTarget section */
		0A9808F72B0B431800C54412 /* SmokeFreeLife */ = {
			isa = PBXNativeTarget;
			buildConfigurationList = 0A98090C2B0B431A00C54412 /* Build configuration list for PBXNativeTarget "SmokeFreeLife" */;
			buildPhases = (
				0A9808F42B0B431800C54412 /* Sources */,
				0A9808F52B0B431800C54412 /* Frameworks */,
				0A9808F62B0B431800C54412 /* Resources */,
			);
			buildRules = (
			);
			dependencies = (
			);
			name = SmokeFreeLife;
			packageProductDependencies = (
				86EA215D2B1DA064007B2DA3 /* FirebaseAuth */,
				86EA215F2B1DA064007B2DA3 /* FirebaseFirestore */,
				86EA21612B1DA064007B2DA3 /* FirebaseFirestoreSwift */,
				86EA21632B1DA064007B2DA3 /* FirebaseStorage */,
			);
			productName = SmokeFreeLife;
			productReference = 0A9808F82B0B431800C54412 /* SmokeFreeLife.app */;
			productType = "com.apple.product-type.application";
		};
/* End PBXNativeTarget section */

/* Begin PBXProject section */
		0A9808F02B0B431800C54412 /* Project object */ = {
			isa = PBXProject;
			attributes = {
				BuildIndependentTargetsInParallel = 1;
				LastSwiftUpdateCheck = 1500;
				LastUpgradeCheck = 1500;
				TargetAttributes = {
					0A9808F72B0B431800C54412 = {
						CreatedOnToolsVersion = 15.0.1;
					};
				};
			};
			buildConfigurationList = 0A9808F32B0B431800C54412 /* Build configuration list for PBXProject "SmokeFreeLife" */;
			compatibilityVersion = "Xcode 14.0";
			developmentRegion = en;
			hasScannedForEncodings = 0;
			knownRegions = (
				en,
				Base,
			);
			mainGroup = 0A9808EF2B0B431800C54412;
			packageReferences = (
				86EA215C2B1DA064007B2DA3 /* XCRemoteSwiftPackageReference "firebase-ios-sdk" */,
			);
			productRefGroup = 0A9808F92B0B431800C54412 /* Products */;
			projectDirPath = "";
			projectRoot = "";
			targets = (
				0A9808F72B0B431800C54412 /* SmokeFreeLife */,
			);
		};
/* End PBXProject section */

/* Begin PBXResourcesBuildPhase section */
		0A9808F62B0B431800C54412 /* Resources */ = {
			isa = PBXResourcesBuildPhase;
			buildActionMask = 2147483647;
			files = (
				0A9809082B0B431A00C54412 /* LaunchScreen.storyboard in Resources */,
				B4D9DF002B1FBE2100EB7116 /* GoogleService-Info.plist in Resources */,
				0A9809052B0B431A00C54412 /* Assets.xcassets in Resources */,
				0A9809032B0B431800C54412 /* Main.storyboard in Resources */,
			);
			runOnlyForDeploymentPostprocessing = 0;
		};
/* End PBXResourcesBuildPhase section */

/* Begin PBXSourcesBuildPhase section */
		0A9808F42B0B431800C54412 /* Sources */ = {
			isa = PBXSourcesBuildPhase;
			buildActionMask = 2147483647;
			files = (
				86EA217D2B212E24007B2DA3 /* ProfileScreenViewController.swift in Sources */,
				0A9809002B0B431800C54412 /* ViewController.swift in Sources */,
				B4D9DF0A2B1FC54900EB7116 /* Thread.swift in Sources */,
				86EA216F2B1DA336007B2DA3 /* SignInFirebaseManager.swift in Sources */,
				86EA21682B1DA255007B2DA3 /* RightBarButtonManager.swift in Sources */,
				B4D9DF0F2B1FCBD700EB7116 /* Post.swift in Sources */,
				B4D9DF072B1FC23A00EB7116 /* ThreadsTableViewCell.swift in Sources */,
				86EA21782B1DA445007B2DA3 /* RegisterFirebaseManager.swift in Sources */,
				86EA21852B2254FE007B2DA3 /* EditProfileScreenViewController.swift in Sources */,
				B4D9DF052B1FBE6D00EB7116 /* ThreadDetailViewController.swift in Sources */,
				86EA21742B1DA405007B2DA3 /* RegisterScreenViewController.swift in Sources */,
				0A9808FC2B0B431800C54412 /* AppDelegate.swift in Sources */,
				B4D9DF0D2B1FC67D00EB7116 /* ThreadDetailScreenFireBaseManager.swift in Sources */,
				86EA21802B224F59007B2DA3 /* EditProfileScreenView.swift in Sources */,
				86EA21712B1DA389007B2DA3 /* SignInScreenViewController.swift in Sources */,
				B4D9DF032B1FBE5900EB7116 /* ThreadDetailView.swift in Sources */,
				0A9808FE2B0B431800C54412 /* SceneDelegate.swift in Sources */,
				86EA21662B1DA1C7007B2DA3 /* MainScreenView.swift in Sources */,
				86EA216D2B1DA313007B2DA3 /* SignInScreenView.swift in Sources */,
				86EA217B2B212E09007B2DA3 /* ProfileScreenView.swift in Sources */,
				86EA21762B1DA42B007B2DA3 /* RegisterScreenView.swift in Sources */,
			);
			runOnlyForDeploymentPostprocessing = 0;
		};
/* End PBXSourcesBuildPhase section */

/* Begin PBXVariantGroup section */
		0A9809012B0B431800C54412 /* Main.storyboard */ = {
			isa = PBXVariantGroup;
			children = (
				0A9809022B0B431800C54412 /* Base */,
			);
			name = Main.storyboard;
			sourceTree = "<group>";
		};
		0A9809062B0B431A00C54412 /* LaunchScreen.storyboard */ = {
			isa = PBXVariantGroup;
			children = (
				0A9809072B0B431A00C54412 /* Base */,
			);
			name = LaunchScreen.storyboard;
			sourceTree = "<group>";
		};
/* End PBXVariantGroup section */

/* Begin XCBuildConfiguration section */
		0A98090A2B0B431A00C54412 /* Debug */ = {
			isa = XCBuildConfiguration;
			buildSettings = {
				ALWAYS_SEARCH_USER_PATHS = NO;
				ASSETCATALOG_COMPILER_GENERATE_SWIFT_ASSET_SYMBOL_EXTENSIONS = YES;
				CLANG_ANALYZER_NONNULL = YES;
				CLANG_ANALYZER_NUMBER_OBJECT_CONVERSION = YES_AGGRESSIVE;
				CLANG_CXX_LANGUAGE_STANDARD = "gnu++20";
				CLANG_ENABLE_MODULES = YES;
				CLANG_ENABLE_OBJC_ARC = YES;
				CLANG_ENABLE_OBJC_WEAK = YES;
				CLANG_WARN_BLOCK_CAPTURE_AUTORELEASING = YES;
				CLANG_WARN_BOOL_CONVERSION = YES;
				CLANG_WARN_COMMA = YES;
				CLANG_WARN_CONSTANT_CONVERSION = YES;
				CLANG_WARN_DEPRECATED_OBJC_IMPLEMENTATIONS = YES;
				CLANG_WARN_DIRECT_OBJC_ISA_USAGE = YES_ERROR;
				CLANG_WARN_DOCUMENTATION_COMMENTS = YES;
				CLANG_WARN_EMPTY_BODY = YES;
				CLANG_WARN_ENUM_CONVERSION = YES;
				CLANG_WARN_INFINITE_RECURSION = YES;
				CLANG_WARN_INT_CONVERSION = YES;
				CLANG_WARN_NON_LITERAL_NULL_CONVERSION = YES;
				CLANG_WARN_OBJC_IMPLICIT_RETAIN_SELF = YES;
				CLANG_WARN_OBJC_LITERAL_CONVERSION = YES;
				CLANG_WARN_OBJC_ROOT_CLASS = YES_ERROR;
				CLANG_WARN_QUOTED_INCLUDE_IN_FRAMEWORK_HEADER = YES;
				CLANG_WARN_RANGE_LOOP_ANALYSIS = YES;
				CLANG_WARN_STRICT_PROTOTYPES = YES;
				CLANG_WARN_SUSPICIOUS_MOVE = YES;
				CLANG_WARN_UNGUARDED_AVAILABILITY = YES_AGGRESSIVE;
				CLANG_WARN_UNREACHABLE_CODE = YES;
				CLANG_WARN__DUPLICATE_METHOD_MATCH = YES;
				COPY_PHASE_STRIP = NO;
				DEBUG_INFORMATION_FORMAT = dwarf;
				ENABLE_STRICT_OBJC_MSGSEND = YES;
				ENABLE_TESTABILITY = YES;
				ENABLE_USER_SCRIPT_SANDBOXING = YES;
				GCC_C_LANGUAGE_STANDARD = gnu17;
				GCC_DYNAMIC_NO_PIC = NO;
				GCC_NO_COMMON_BLOCKS = YES;
				GCC_OPTIMIZATION_LEVEL = 0;
				GCC_PREPROCESSOR_DEFINITIONS = (
					"DEBUG=1",
					"$(inherited)",
				);
				GCC_WARN_64_TO_32_BIT_CONVERSION = YES;
				GCC_WARN_ABOUT_RETURN_TYPE = YES_ERROR;
				GCC_WARN_UNDECLARED_SELECTOR = YES;
				GCC_WARN_UNINITIALIZED_AUTOS = YES_AGGRESSIVE;
				GCC_WARN_UNUSED_FUNCTION = YES;
				GCC_WARN_UNUSED_VARIABLE = YES;
				IPHONEOS_DEPLOYMENT_TARGET = 17.0;
				LOCALIZATION_PREFERS_STRING_CATALOGS = YES;
				MTL_ENABLE_DEBUG_INFO = INCLUDE_SOURCE;
				MTL_FAST_MATH = YES;
				ONLY_ACTIVE_ARCH = YES;
				SDKROOT = iphoneos;
				SWIFT_ACTIVE_COMPILATION_CONDITIONS = "DEBUG $(inherited)";
				SWIFT_OPTIMIZATION_LEVEL = "-Onone";
			};
			name = Debug;
		};
		0A98090B2B0B431A00C54412 /* Release */ = {
			isa = XCBuildConfiguration;
			buildSettings = {
				ALWAYS_SEARCH_USER_PATHS = NO;
				ASSETCATALOG_COMPILER_GENERATE_SWIFT_ASSET_SYMBOL_EXTENSIONS = YES;
				CLANG_ANALYZER_NONNULL = YES;
				CLANG_ANALYZER_NUMBER_OBJECT_CONVERSION = YES_AGGRESSIVE;
				CLANG_CXX_LANGUAGE_STANDARD = "gnu++20";
				CLANG_ENABLE_MODULES = YES;
				CLANG_ENABLE_OBJC_ARC = YES;
				CLANG_ENABLE_OBJC_WEAK = YES;
				CLANG_WARN_BLOCK_CAPTURE_AUTORELEASING = YES;
				CLANG_WARN_BOOL_CONVERSION = YES;
				CLANG_WARN_COMMA = YES;
				CLANG_WARN_CONSTANT_CONVERSION = YES;
				CLANG_WARN_DEPRECATED_OBJC_IMPLEMENTATIONS = YES;
				CLANG_WARN_DIRECT_OBJC_ISA_USAGE = YES_ERROR;
				CLANG_WARN_DOCUMENTATION_COMMENTS = YES;
				CLANG_WARN_EMPTY_BODY = YES;
				CLANG_WARN_ENUM_CONVERSION = YES;
				CLANG_WARN_INFINITE_RECURSION = YES;
				CLANG_WARN_INT_CONVERSION = YES;
				CLANG_WARN_NON_LITERAL_NULL_CONVERSION = YES;
				CLANG_WARN_OBJC_IMPLICIT_RETAIN_SELF = YES;
				CLANG_WARN_OBJC_LITERAL_CONVERSION = YES;
				CLANG_WARN_OBJC_ROOT_CLASS = YES_ERROR;
				CLANG_WARN_QUOTED_INCLUDE_IN_FRAMEWORK_HEADER = YES;
				CLANG_WARN_RANGE_LOOP_ANALYSIS = YES;
				CLANG_WARN_STRICT_PROTOTYPES = YES;
				CLANG_WARN_SUSPICIOUS_MOVE = YES;
				CLANG_WARN_UNGUARDED_AVAILABILITY = YES_AGGRESSIVE;
				CLANG_WARN_UNREACHABLE_CODE = YES;
				CLANG_WARN__DUPLICATE_METHOD_MATCH = YES;
				COPY_PHASE_STRIP = NO;
				DEBUG_INFORMATION_FORMAT = "dwarf-with-dsym";
				ENABLE_NS_ASSERTIONS = NO;
				ENABLE_STRICT_OBJC_MSGSEND = YES;
				ENABLE_USER_SCRIPT_SANDBOXING = YES;
				GCC_C_LANGUAGE_STANDARD = gnu17;
				GCC_NO_COMMON_BLOCKS = YES;
				GCC_WARN_64_TO_32_BIT_CONVERSION = YES;
				GCC_WARN_ABOUT_RETURN_TYPE = YES_ERROR;
				GCC_WARN_UNDECLARED_SELECTOR = YES;
				GCC_WARN_UNINITIALIZED_AUTOS = YES_AGGRESSIVE;
				GCC_WARN_UNUSED_FUNCTION = YES;
				GCC_WARN_UNUSED_VARIABLE = YES;
				IPHONEOS_DEPLOYMENT_TARGET = 17.0;
				LOCALIZATION_PREFERS_STRING_CATALOGS = YES;
				MTL_ENABLE_DEBUG_INFO = NO;
				MTL_FAST_MATH = YES;
				SDKROOT = iphoneos;
				SWIFT_COMPILATION_MODE = wholemodule;
				VALIDATE_PRODUCT = YES;
			};
			name = Release;
		};
		0A98090D2B0B431A00C54412 /* Debug */ = {
			isa = XCBuildConfiguration;
			buildSettings = {
				ASSETCATALOG_COMPILER_APPICON_NAME = AppIcon;
				ASSETCATALOG_COMPILER_GLOBAL_ACCENT_COLOR_NAME = AccentColor;
				CODE_SIGN_STYLE = Automatic;
				CURRENT_PROJECT_VERSION = 1;
				GENERATE_INFOPLIST_FILE = YES;
				INFOPLIST_FILE = SmokeFreeLife/Info.plist;
				INFOPLIST_KEY_UIApplicationSupportsIndirectInputEvents = YES;
				INFOPLIST_KEY_UILaunchStoryboardName = LaunchScreen;
				INFOPLIST_KEY_UIMainStoryboardFile = Main;
				INFOPLIST_KEY_UISupportedInterfaceOrientations_iPad = "UIInterfaceOrientationPortrait UIInterfaceOrientationPortraitUpsideDown UIInterfaceOrientationLandscapeLeft UIInterfaceOrientationLandscapeRight";
				INFOPLIST_KEY_UISupportedInterfaceOrientations_iPhone = "UIInterfaceOrientationPortrait UIInterfaceOrientationLandscapeLeft UIInterfaceOrientationLandscapeRight";
				IPHONEOS_DEPLOYMENT_TARGET = 16.4;
				LD_RUNPATH_SEARCH_PATHS = (
					"$(inherited)",
					"@executable_path/Frameworks",
				);
				MARKETING_VERSION = 1.0;
				PRODUCT_BUNDLE_IDENTIFIER = com.nuios.cs5520.SmokeFreeLife;
				PRODUCT_NAME = "$(TARGET_NAME)";
				SWIFT_EMIT_LOC_STRINGS = YES;
				SWIFT_VERSION = 5.0;
				TARGETED_DEVICE_FAMILY = "1,2";
			};
			name = Debug;
		};
		0A98090E2B0B431A00C54412 /* Release */ = {
			isa = XCBuildConfiguration;
			buildSettings = {
				ASSETCATALOG_COMPILER_APPICON_NAME = AppIcon;
				ASSETCATALOG_COMPILER_GLOBAL_ACCENT_COLOR_NAME = AccentColor;
				CODE_SIGN_STYLE = Automatic;
				CURRENT_PROJECT_VERSION = 1;
				GENERATE_INFOPLIST_FILE = YES;
				INFOPLIST_FILE = SmokeFreeLife/Info.plist;
				INFOPLIST_KEY_UIApplicationSupportsIndirectInputEvents = YES;
				INFOPLIST_KEY_UILaunchStoryboardName = LaunchScreen;
				INFOPLIST_KEY_UIMainStoryboardFile = Main;
				INFOPLIST_KEY_UISupportedInterfaceOrientations_iPad = "UIInterfaceOrientationPortrait UIInterfaceOrientationPortraitUpsideDown UIInterfaceOrientationLandscapeLeft UIInterfaceOrientationLandscapeRight";
				INFOPLIST_KEY_UISupportedInterfaceOrientations_iPhone = "UIInterfaceOrientationPortrait UIInterfaceOrientationLandscapeLeft UIInterfaceOrientationLandscapeRight";
				IPHONEOS_DEPLOYMENT_TARGET = 16.4;
				LD_RUNPATH_SEARCH_PATHS = (
					"$(inherited)",
					"@executable_path/Frameworks",
				);
				MARKETING_VERSION = 1.0;
				PRODUCT_BUNDLE_IDENTIFIER = com.nuios.cs5520.SmokeFreeLife;
				PRODUCT_NAME = "$(TARGET_NAME)";
				SWIFT_EMIT_LOC_STRINGS = YES;
				SWIFT_VERSION = 5.0;
				TARGETED_DEVICE_FAMILY = "1,2";
			};
			name = Release;
		};
/* End XCBuildConfiguration section */

/* Begin XCConfigurationList section */
		0A9808F32B0B431800C54412 /* Build configuration list for PBXProject "SmokeFreeLife" */ = {
			isa = XCConfigurationList;
			buildConfigurations = (
				0A98090A2B0B431A00C54412 /* Debug */,
				0A98090B2B0B431A00C54412 /* Release */,
			);
			defaultConfigurationIsVisible = 0;
			defaultConfigurationName = Release;
		};
		0A98090C2B0B431A00C54412 /* Build configuration list for PBXNativeTarget "SmokeFreeLife" */ = {
			isa = XCConfigurationList;
			buildConfigurations = (
				0A98090D2B0B431A00C54412 /* Debug */,
				0A98090E2B0B431A00C54412 /* Release */,
			);
			defaultConfigurationIsVisible = 0;
			defaultConfigurationName = Release;
		};
/* End XCConfigurationList section */

/* Begin XCRemoteSwiftPackageReference section */
		86EA215C2B1DA064007B2DA3 /* XCRemoteSwiftPackageReference "firebase-ios-sdk" */ = {
			isa = XCRemoteSwiftPackageReference;
			repositoryURL = "https://github.com/firebase/firebase-ios-sdk";
			requirement = {
				kind = upToNextMajorVersion;
				minimumVersion = 10.0.0;
			};
		};
/* End XCRemoteSwiftPackageReference section */

/* Begin XCSwiftPackageProductDependency section */
		86EA215D2B1DA064007B2DA3 /* FirebaseAuth */ = {
			isa = XCSwiftPackageProductDependency;
			package = 86EA215C2B1DA064007B2DA3 /* XCRemoteSwiftPackageReference "firebase-ios-sdk" */;
			productName = FirebaseAuth;
		};
		86EA215F2B1DA064007B2DA3 /* FirebaseFirestore */ = {
			isa = XCSwiftPackageProductDependency;
			package = 86EA215C2B1DA064007B2DA3 /* XCRemoteSwiftPackageReference "firebase-ios-sdk" */;
			productName = FirebaseFirestore;
		};
		86EA21612B1DA064007B2DA3 /* FirebaseFirestoreSwift */ = {
			isa = XCSwiftPackageProductDependency;
			package = 86EA215C2B1DA064007B2DA3 /* XCRemoteSwiftPackageReference "firebase-ios-sdk" */;
			productName = FirebaseFirestoreSwift;
		};
		86EA21632B1DA064007B2DA3 /* FirebaseStorage */ = {
			isa = XCSwiftPackageProductDependency;
			package = 86EA215C2B1DA064007B2DA3 /* XCRemoteSwiftPackageReference "firebase-ios-sdk" */;
			productName = FirebaseStorage;
		};
/* End XCSwiftPackageProductDependency section */
	};
	rootObject = 0A9808F02B0B431800C54412 /* Project object */;
}
